<Solution>
  <Folder Name="/LICENSES/">
    <File Path="LICENSES/BSL-1.0.txt" />
  </Folder>
  <Folder Name="/Solution Items/">
    <File Path=".editorconfig" />
    <File Path=".gitignore" />
    <File Path="LICENSE.txt" />
    <File Path="README.md" />
    <File Path="REUSE.toml" />
    <File Path="TdLibVersioned.sln.DotSettings" />
    <File Path="TdLibVersioned.sln.DotSettings.license" />
    <File Path="TdLibVersioned.slnx.license" />
  </Folder>
</Solution>
